
Microsoft Visual Studio Solution File, Format Version 12.00
# Visual Studio Version 17
VisualStudioVersion = 17.14.37328.6 d17.14
MinimumVisualStudioVersion = 10.0.40219.1
Project("{FAE04EC0-301F-11D3-BF4B-00C04F79EFBC}") = "ConsoleApp8", "ConsoleApp8\ConsoleApp8.csproj", "{93D24155-2ECE-4909-B743-C92F3CEBE653}"
EndProject
Global
	GlobalSection(SolutionConfigurationPlatforms) = preSolution
		Debug|Any CPU = Debug|Any CPU
		Release|Any CPU = Release|Any CPU
	EndGlobalSection
	GlobalSection(ProjectConfigurationPlatforms) = postSolution
		{93D24155-2ECE-4909-B743-C92F3CEBE653}.Debug|Any CPU.ActiveCfg = Debug|Any CPU
		{93D24155-2ECE-4909-B743-C92F3CEBE653}.Debug|Any CPU.Build.0 = Debug|Any CPU
		{93D24155-2ECE-4909-B743-C92F3CEBE653}.Release|Any CPU.ActiveCfg = Release|Any CPU
		{93D24155-2ECE-4909-B743-C92F3CEBE653}.Release|Any CPU.Build.0 = Release|Any CPU
	EndGlobalSection
	GlobalSection(SolutionProperties) = preSolution
		HideSolutionNode = FALSE
	EndGlobalSection
	GlobalSection(ExtensibilityGlobals) = postSolution
		SolutionGuid = {F5F18E2C-E265-467C-BE12-9A275525E4A8}
	EndGlobalSection
EndGlobal
